// !$*UTF8*$!
{
	archiveVersion = 1;
	classes = {
	};
	objectVersion = 48;
	objects = {

/* Begin PBXBuildFile section */
		1A5C1538D88572F244D15D51 /* Pods_SupremeSaintAppUITests.framework in Frameworks */ = {isa = PBXBuildFile; fileRef = AEA01F5B6EB5E1F661E27297 /* Pods_SupremeSaintAppUITests.framework */; };
		54147CA1200E684E00ED159C /* Extensions.swift in Sources */ = {isa = PBXBuildFile; fileRef = 54147CA0200E684E00ED159C /* Extensions.swift */; };
		5490492A201080ED006910AF /* RemoveFileService.swift in Sources */ = {isa = PBXBuildFile; fileRef = 54904929201080ED006910AF /* RemoveFileService.swift */; };
		5490492D201087CA006910AF /* Feed.swift in Sources */ = {isa = PBXBuildFile; fileRef = 5490492C201087CA006910AF /* Feed.swift */; };
		5490492F20108FD9006910AF /* FirebaseService.swift in Sources */ = {isa = PBXBuildFile; fileRef = 5490492E20108FD9006910AF /* FirebaseService.swift */; };
		5490493120109B3F006910AF /* GoogleService-Info.plist in Resources */ = {isa = PBXBuildFile; fileRef = 5490493020109B3F006910AF /* GoogleService-Info.plist */; };
		549049332010B13C006910AF /* Slide.swift in Sources */ = {isa = PBXBuildFile; fileRef = 549049322010B13C006910AF /* Slide.swift */; };
		549049352010B88E006910AF /* FeedGroupPageControllerContainerVC.swift in Sources */ = {isa = PBXBuildFile; fileRef = 549049342010B88E006910AF /* FeedGroupPageControllerContainerVC.swift */; };
		549049372010BA1D006910AF /* FeedGroupPageController.swift in Sources */ = {isa = PBXBuildFile; fileRef = 549049362010BA1D006910AF /* FeedGroupPageController.swift */; };
		549049392010BB51006910AF /* FeedViewController.swift in Sources */ = {isa = PBXBuildFile; fileRef = 549049382010BB51006910AF /* FeedViewController.swift */; };
		54AB322B2011C2DA007E7218 /* RootNavigationController.swift in Sources */ = {isa = PBXBuildFile; fileRef = 54AB322A2011C2D9007E7218 /* RootNavigationController.swift */; };
		54AB322D2011D2CF007E7218 /* HomeMessages.swift in Sources */ = {isa = PBXBuildFile; fileRef = 54AB322C2011D2CF007E7218 /* HomeMessages.swift */; };
		54ADE9C0200F69B1005547FE /* FeedCollectionVCell.swift in Sources */ = {isa = PBXBuildFile; fileRef = 54ADE9BE200F69B1005547FE /* FeedCollectionVCell.swift */; };
		54ADE9C1200F69B1005547FE /* FeedCollectionVCell.xib in Resources */ = {isa = PBXBuildFile; fileRef = 54ADE9BF200F69B1005547FE /* FeedCollectionVCell.xib */; };
		54DD1610200E38A6007CE915 /* HomeBanner.swift in Sources */ = {isa = PBXBuildFile; fileRef = 54DD160F200E38A6007CE915 /* HomeBanner.swift */; };
		54DD1632200E63EC007CE915 /* SlideImageController.swift in Sources */ = {isa = PBXBuildFile; fileRef = 54DD1631200E63EC007CE915 /* SlideImageController.swift */; };
		54DD1634200E645C007CE915 /* SlidePageViewController.swift in Sources */ = {isa = PBXBuildFile; fileRef = 54DD1633200E645C007CE915 /* SlidePageViewController.swift */; };
		697FCFF109A1629E4708638D /* Pods_SupremeSaintAppTests.framework in Frameworks */ = {isa = PBXBuildFile; fileRef = AAAF999E6D8B876F960F4C3F /* Pods_SupremeSaintAppTests.framework */; };
		8C1A5F952001262400BE0BD3 /* AppDelegate.swift in Sources */ = {isa = PBXBuildFile; fileRef = 8C1A5F942001262400BE0BD3 /* AppDelegate.swift */; };
		8C1A5F972001262400BE0BD3 /* TabBarViewController.swift in Sources */ = {isa = PBXBuildFile; fileRef = 8C1A5F962001262400BE0BD3 /* TabBarViewController.swift */; };
		8C1A5F9C2001262400BE0BD3 /* Assets.xcassets in Resources */ = {isa = PBXBuildFile; fileRef = 8C1A5F9B2001262400BE0BD3 /* Assets.xcassets */; };
		8C1A5F9F2001262400BE0BD3 /* LaunchScreen.storyboard in Resources */ = {isa = PBXBuildFile; fileRef = 8C1A5F9D2001262400BE0BD3 /* LaunchScreen.storyboard */; };
		8C1A5FAA2001262400BE0BD3 /* SupremeSaintAppTests.swift in Sources */ = {isa = PBXBuildFile; fileRef = 8C1A5FA92001262400BE0BD3 /* SupremeSaintAppTests.swift */; };
		8C1A5FB52001262400BE0BD3 /* SupremeSaintAppUITests.swift in Sources */ = {isa = PBXBuildFile; fileRef = 8C1A5FB42001262400BE0BD3 /* SupremeSaintAppUITests.swift */; };
		8C1A5FC7200126C200BE0BD3 /* HomeVC.swift in Sources */ = {isa = PBXBuildFile; fileRef = 8C1A5FC4200126C200BE0BD3 /* HomeVC.swift */; };
		8C1A5FC8200126C200BE0BD3 /* NewsVC.swift in Sources */ = {isa = PBXBuildFile; fileRef = 8C1A5FC5200126C200BE0BD3 /* NewsVC.swift */; };
		8C1A5FC9200126C200BE0BD3 /* DroplistVC.swift in Sources */ = {isa = PBXBuildFile; fileRef = 8C1A5FC6200126C200BE0BD3 /* DroplistVC.swift */; };
		8C35A67F200129C300BCE5B2 /* TwitterViewController.swift in Sources */ = {isa = PBXBuildFile; fileRef = 8C35A67E200129C300BCE5B2 /* TwitterViewController.swift */; };
		AB6C7F8892AA28A9C29C099C /* Pods_SupremeSaintApp.framework in Frameworks */ = {isa = PBXBuildFile; fileRef = E441FF4F28141978A1D0FB18 /* Pods_SupremeSaintApp.framework */; };
		B219664D200BCD930096F607 /* Main.storyboard in Resources */ = {isa = PBXBuildFile; fileRef = B219664C200BCD930096F607 /* Main.storyboard */; };
		B308F3D22031489700244325 /* LeftMenuVC.swift in Sources */ = {isa = PBXBuildFile; fileRef = B308F3D12031489700244325 /* LeftMenuVC.swift */; };
		B31A364220345CAA002D2506 /* ViewController.swift in Sources */ = {isa = PBXBuildFile; fileRef = B31A364120345CAA002D2506 /* ViewController.swift */; };
		B329BEEC20301B5E009CBFAA /* DesignableButton.swift in Sources */ = {isa = PBXBuildFile; fileRef = B329BEEB20301B5E009CBFAA /* DesignableButton.swift */; };
		B386F43B20302DD70063D78F /* DesignableField.swift in Sources */ = {isa = PBXBuildFile; fileRef = B386F43A20302DD70063D78F /* DesignableField.swift */; };
		B386F43D20302ED00063D78F /* AuthVC.swift in Sources */ = {isa = PBXBuildFile; fileRef = B386F43C20302ED00063D78F /* AuthVC.swift */; };
		B386F43F20302EDE0063D78F /* LoginVC.swift in Sources */ = {isa = PBXBuildFile; fileRef = B386F43E20302EDE0063D78F /* LoginVC.swift */; };
		B386F44120302EEB0063D78F /* SignUpVC.swift in Sources */ = {isa = PBXBuildFile; fileRef = B386F44020302EEB0063D78F /* SignUpVC.swift */; };
		B3E9DC372031E53A00D394B8 /* WebVc.swift in Sources */ = {isa = PBXBuildFile; fileRef = B3E9DC362031E53A00D394B8 /* WebVc.swift */; };
		B3E9DC392031F27200D394B8 /* AccountVC.swift in Sources */ = {isa = PBXBuildFile; fileRef = B3E9DC382031F27200D394B8 /* AccountVC.swift */; };
		B3F7BDA320333A4700C7C462 /* WalkthroughImageController.swift in Sources */ = {isa = PBXBuildFile; fileRef = B3F7BDA220333A4700C7C462 /* WalkthroughImageController.swift */; };
		B3F7BDA520333A5C00C7C462 /* WalkthroughImageContentViewController.swift in Sources */ = {isa = PBXBuildFile; fileRef = B3F7BDA420333A5C00C7C462 /* WalkthroughImageContentViewController.swift */; };
		B3FC3D552030A01F00EB8B20 /* Alertable.swift in Sources */ = {isa = PBXBuildFile; fileRef = B3FC3D542030A01E00EB8B20 /* Alertable.swift */; };
		B3FC3D592030A6D800EB8B20 /* SWRevealViewController.m in Sources */ = {isa = PBXBuildFile; fileRef = B3FC3D582030A6D700EB8B20 /* SWRevealViewController.m */; };
		F652981A2020A255006FC603 /* ShowItemDetailsViewController.swift in Sources */ = {isa = PBXBuildFile; fileRef = F65298192020A255006FC603 /* ShowItemDetailsViewController.swift */; };
		F666F56B201274520054D9C9 /* ItemTableCell.swift in Sources */ = {isa = PBXBuildFile; fileRef = F666F56A201274520054D9C9 /* ItemTableCell.swift */; };
		F6E7A5E020249D3300211E62 /* MyImageViewController.swift in Sources */ = {isa = PBXBuildFile; fileRef = F6E7A5DF20249D3300211E62 /* MyImageViewController.swift */; };
		F6E7A5E2202500E400211E62 /* UIView.swift in Sources */ = {isa = PBXBuildFile; fileRef = F6E7A5E1202500E400211E62 /* UIView.swift */; };
/* End PBXBuildFile section */

/* Begin PBXContainerItemProxy section */
		8C1A5FA62001262400BE0BD3 /* PBXContainerItemProxy */ = {
			isa = PBXContainerItemProxy;
			containerPortal = 8C1A5F892001262400BE0BD3 /* Project object */;
			proxyType = 1;
			remoteGlobalIDString = 8C1A5F902001262400BE0BD3;
			remoteInfo = SupremeSaintApp;
		};
		8C1A5FB12001262400BE0BD3 /* PBXContainerItemProxy */ = {
			isa = PBXContainerItemProxy;
			containerPortal = 8C1A5F892001262400BE0BD3 /* Project object */;
			proxyType = 1;
			remoteGlobalIDString = 8C1A5F902001262400BE0BD3;
			remoteInfo = SupremeSaintApp;
		};
/* End PBXContainerItemProxy section */

/* Begin PBXFileReference section */
		202ADF962E20A2FDCE7B2BB7 /* Pods-SupremeSaintApp.debug.xcconfig */ = {isa = PBXFileReference; includeInIndex = 1; lastKnownFileType = text.xcconfig; name = "Pods-SupremeSaintApp.debug.xcconfig"; path = "Pods/Target Support Files/Pods-SupremeSaintApp/Pods-SupremeSaintApp.debug.xcconfig"; sourceTree = "<group>"; };
		54147CA0200E684E00ED159C /* Extensions.swift */ = {isa = PBXFileReference; lastKnownFileType = sourcecode.swift; path = Extensions.swift; sourceTree = "<group>"; };
		54904929201080ED006910AF /* RemoveFileService.swift */ = {isa = PBXFileReference; lastKnownFileType = sourcecode.swift; path = RemoveFileService.swift; sourceTree = "<group>"; };
		5490492C201087CA006910AF /* Feed.swift */ = {isa = PBXFileReference; lastKnownFileType = sourcecode.swift; path = Feed.swift; sourceTree = "<group>"; };
		5490492E20108FD9006910AF /* FirebaseService.swift */ = {isa = PBXFileReference; lastKnownFileType = sourcecode.swift; path = FirebaseService.swift; sourceTree = "<group>"; };
		5490493020109B3F006910AF /* GoogleService-Info.plist */ = {isa = PBXFileReference; fileEncoding = 4; lastKnownFileType = text.plist.xml; path = "GoogleService-Info.plist"; sourceTree = "<group>"; };
		549049322010B13C006910AF /* Slide.swift */ = {isa = PBXFileReference; lastKnownFileType = sourcecode.swift; path = Slide.swift; sourceTree = "<group>"; };
		549049342010B88E006910AF /* FeedGroupPageControllerContainerVC.swift */ = {isa = PBXFileReference; lastKnownFileType = sourcecode.swift; path = FeedGroupPageControllerContainerVC.swift; sourceTree = "<group>"; };
		549049362010BA1D006910AF /* FeedGroupPageController.swift */ = {isa = PBXFileReference; lastKnownFileType = sourcecode.swift; path = FeedGroupPageController.swift; sourceTree = "<group>"; };
		549049382010BB51006910AF /* FeedViewController.swift */ = {isa = PBXFileReference; lastKnownFileType = sourcecode.swift; path = FeedViewController.swift; sourceTree = "<group>"; };
		54AB322A2011C2D9007E7218 /* RootNavigationController.swift */ = {isa = PBXFileReference; lastKnownFileType = sourcecode.swift; path = RootNavigationController.swift; sourceTree = "<group>"; };
		54AB322C2011D2CF007E7218 /* HomeMessages.swift */ = {isa = PBXFileReference; lastKnownFileType = sourcecode.swift; path = HomeMessages.swift; sourceTree = "<group>"; };
		54ADE9BE200F69B1005547FE /* FeedCollectionVCell.swift */ = {isa = PBXFileReference; lastKnownFileType = sourcecode.swift; path = FeedCollectionVCell.swift; sourceTree = "<group>"; };
		54ADE9BF200F69B1005547FE /* FeedCollectionVCell.xib */ = {isa = PBXFileReference; lastKnownFileType = file.xib; path = FeedCollectionVCell.xib; sourceTree = "<group>"; };
		54DD160F200E38A6007CE915 /* HomeBanner.swift */ = {isa = PBXFileReference; lastKnownFileType = sourcecode.swift; path = HomeBanner.swift; sourceTree = "<group>"; };
		54DD1631200E63EC007CE915 /* SlideImageController.swift */ = {isa = PBXFileReference; lastKnownFileType = sourcecode.swift; path = SlideImageController.swift; sourceTree = "<group>"; };
		54DD1633200E645C007CE915 /* SlidePageViewController.swift */ = {isa = PBXFileReference; lastKnownFileType = sourcecode.swift; path = SlidePageViewController.swift; sourceTree = "<group>"; };
		629427A6D11F74D86767ADFD /* Pods-SupremeSaintAppUITests.release.xcconfig */ = {isa = PBXFileReference; includeInIndex = 1; lastKnownFileType = text.xcconfig; name = "Pods-SupremeSaintAppUITests.release.xcconfig"; path = "Pods/Target Support Files/Pods-SupremeSaintAppUITests/Pods-SupremeSaintAppUITests.release.xcconfig"; sourceTree = "<group>"; };
		65D091C287101635D173F2AB /* Pods-SupremeSaintAppTests.debug.xcconfig */ = {isa = PBXFileReference; includeInIndex = 1; lastKnownFileType = text.xcconfig; name = "Pods-SupremeSaintAppTests.debug.xcconfig"; path = "Pods/Target Support Files/Pods-SupremeSaintAppTests/Pods-SupremeSaintAppTests.debug.xcconfig"; sourceTree = "<group>"; };
		76CDB1BAC40A6BFF52069FA5 /* Pods-SupremeSaintAppUITests.debug.xcconfig */ = {isa = PBXFileReference; includeInIndex = 1; lastKnownFileType = text.xcconfig; name = "Pods-SupremeSaintAppUITests.debug.xcconfig"; path = "Pods/Target Support Files/Pods-SupremeSaintAppUITests/Pods-SupremeSaintAppUITests.debug.xcconfig"; sourceTree = "<group>"; };
		8C1A5F912001262400BE0BD3 /* SupremeSaintApp.app */ = {isa = PBXFileReference; explicitFileType = wrapper.application; includeInIndex = 0; path = SupremeSaintApp.app; sourceTree = BUILT_PRODUCTS_DIR; };
		8C1A5F942001262400BE0BD3 /* AppDelegate.swift */ = {isa = PBXFileReference; lastKnownFileType = sourcecode.swift; path = AppDelegate.swift; sourceTree = "<group>"; };
		8C1A5F962001262400BE0BD3 /* TabBarViewController.swift */ = {isa = PBXFileReference; lastKnownFileType = sourcecode.swift; path = TabBarViewController.swift; sourceTree = "<group>"; };
		8C1A5F9B2001262400BE0BD3 /* Assets.xcassets */ = {isa = PBXFileReference; lastKnownFileType = folder.assetcatalog; path = Assets.xcassets; sourceTree = "<group>"; };
		8C1A5F9E2001262400BE0BD3 /* Base */ = {isa = PBXFileReference; lastKnownFileType = file.storyboard; name = Base; path = Base.lproj/LaunchScreen.storyboard; sourceTree = "<group>"; };
		8C1A5FA02001262400BE0BD3 /* Info.plist */ = {isa = PBXFileReference; lastKnownFileType = text.plist.xml; path = Info.plist; sourceTree = "<group>"; };
		8C1A5FA52001262400BE0BD3 /* SupremeSaintAppTests.xctest */ = {isa = PBXFileReference; explicitFileType = wrapper.cfbundle; includeInIndex = 0; path = SupremeSaintAppTests.xctest; sourceTree = BUILT_PRODUCTS_DIR; };
		8C1A5FA92001262400BE0BD3 /* SupremeSaintAppTests.swift */ = {isa = PBXFileReference; lastKnownFileType = sourcecode.swift; path = SupremeSaintAppTests.swift; sourceTree = "<group>"; };
		8C1A5FAB2001262400BE0BD3 /* Info.plist */ = {isa = PBXFileReference; lastKnownFileType = text.plist.xml; path = Info.plist; sourceTree = "<group>"; };
		8C1A5FB02001262400BE0BD3 /* SupremeSaintAppUITests.xctest */ = {isa = PBXFileReference; explicitFileType = wrapper.cfbundle; includeInIndex = 0; path = SupremeSaintAppUITests.xctest; sourceTree = BUILT_PRODUCTS_DIR; };
		8C1A5FB42001262400BE0BD3 /* SupremeSaintAppUITests.swift */ = {isa = PBXFileReference; lastKnownFileType = sourcecode.swift; path = SupremeSaintAppUITests.swift; sourceTree = "<group>"; };
		8C1A5FB62001262400BE0BD3 /* Info.plist */ = {isa = PBXFileReference; lastKnownFileType = text.plist.xml; path = Info.plist; sourceTree = "<group>"; };
		8C1A5FC4200126C200BE0BD3 /* HomeVC.swift */ = {isa = PBXFileReference; fileEncoding = 4; lastKnownFileType = sourcecode.swift; path = HomeVC.swift; sourceTree = "<group>"; };
		8C1A5FC5200126C200BE0BD3 /* NewsVC.swift */ = {isa = PBXFileReference; fileEncoding = 4; lastKnownFileType = sourcecode.swift; path = NewsVC.swift; sourceTree = "<group>"; };
		8C1A5FC6200126C200BE0BD3 /* DroplistVC.swift */ = {isa = PBXFileReference; fileEncoding = 4; lastKnownFileType = sourcecode.swift; path = DroplistVC.swift; sourceTree = "<group>"; };
		8C35A67E200129C300BCE5B2 /* TwitterViewController.swift */ = {isa = PBXFileReference; fileEncoding = 4; lastKnownFileType = sourcecode.swift; path = TwitterViewController.swift; sourceTree = "<group>"; };
		A36DD52A4CCB9170970254A0 /* Pods-SupremeSaintApp.release.xcconfig */ = {isa = PBXFileReference; includeInIndex = 1; lastKnownFileType = text.xcconfig; name = "Pods-SupremeSaintApp.release.xcconfig"; path = "Pods/Target Support Files/Pods-SupremeSaintApp/Pods-SupremeSaintApp.release.xcconfig"; sourceTree = "<group>"; };
		A907B838AF60C04ED8A012EF /* Pods-SupremeSaintAppTests.release.xcconfig */ = {isa = PBXFileReference; includeInIndex = 1; lastKnownFileType = text.xcconfig; name = "Pods-SupremeSaintAppTests.release.xcconfig"; path = "Pods/Target Support Files/Pods-SupremeSaintAppTests/Pods-SupremeSaintAppTests.release.xcconfig"; sourceTree = "<group>"; };
		AAAF999E6D8B876F960F4C3F /* Pods_SupremeSaintAppTests.framework */ = {isa = PBXFileReference; explicitFileType = wrapper.framework; includeInIndex = 0; path = Pods_SupremeSaintAppTests.framework; sourceTree = BUILT_PRODUCTS_DIR; };
		AEA01F5B6EB5E1F661E27297 /* Pods_SupremeSaintAppUITests.framework */ = {isa = PBXFileReference; explicitFileType = wrapper.framework; includeInIndex = 0; path = Pods_SupremeSaintAppUITests.framework; sourceTree = BUILT_PRODUCTS_DIR; };
		B219664C200BCD930096F607 /* Main.storyboard */ = {isa = PBXFileReference; fileEncoding = 4; lastKnownFileType = file.storyboard; path = Main.storyboard; sourceTree = "<group>"; };
		B308F3D12031489700244325 /* LeftMenuVC.swift */ = {isa = PBXFileReference; lastKnownFileType = sourcecode.swift; path = LeftMenuVC.swift; sourceTree = "<group>"; };
		B31A364120345CAA002D2506 /* ViewController.swift */ = {isa = PBXFileReference; lastKnownFileType = sourcecode.swift; path = ViewController.swift; sourceTree = "<group>"; };
		B329BEEB20301B5E009CBFAA /* DesignableButton.swift */ = {isa = PBXFileReference; lastKnownFileType = sourcecode.swift; path = DesignableButton.swift; sourceTree = "<group>"; };
		B386F43A20302DD70063D78F /* DesignableField.swift */ = {isa = PBXFileReference; lastKnownFileType = sourcecode.swift; path = DesignableField.swift; sourceTree = "<group>"; };
		B386F43C20302ED00063D78F /* AuthVC.swift */ = {isa = PBXFileReference; lastKnownFileType = sourcecode.swift; path = AuthVC.swift; sourceTree = "<group>"; };
		B386F43E20302EDE0063D78F /* LoginVC.swift */ = {isa = PBXFileReference; lastKnownFileType = sourcecode.swift; path = LoginVC.swift; sourceTree = "<group>"; };
		B386F44020302EEB0063D78F /* SignUpVC.swift */ = {isa = PBXFileReference; lastKnownFileType = sourcecode.swift; path = SignUpVC.swift; sourceTree = "<group>"; };
		B3E9DC362031E53A00D394B8 /* WebVc.swift */ = {isa = PBXFileReference; lastKnownFileType = sourcecode.swift; path = WebVc.swift; sourceTree = "<group>"; };
		B3E9DC382031F27200D394B8 /* AccountVC.swift */ = {isa = PBXFileReference; lastKnownFileType = sourcecode.swift; path = AccountVC.swift; sourceTree = "<group>"; };
		B3F7BDA220333A4700C7C462 /* WalkthroughImageController.swift */ = {isa = PBXFileReference; lastKnownFileType = sourcecode.swift; path = WalkthroughImageController.swift; sourceTree = "<group>"; };
		B3F7BDA420333A5C00C7C462 /* WalkthroughImageContentViewController.swift */ = {isa = PBXFileReference; lastKnownFileType = sourcecode.swift; path = WalkthroughImageContentViewController.swift; sourceTree = "<group>"; };
		B3FC3D542030A01E00EB8B20 /* Alertable.swift */ = {isa = PBXFileReference; fileEncoding = 4; lastKnownFileType = sourcecode.swift; path = Alertable.swift; sourceTree = "<group>"; };
		B3FC3D562030A6D200EB8B20 /* SupremeSaintApp-Bridging-Header.h */ = {isa = PBXFileReference; lastKnownFileType = sourcecode.c.h; path = "SupremeSaintApp-Bridging-Header.h"; sourceTree = "<group>"; };
		B3FC3D572030A6D600EB8B20 /* SWRevealViewController.h */ = {isa = PBXFileReference; fileEncoding = 4; lastKnownFileType = sourcecode.c.h; path = SWRevealViewController.h; sourceTree = "<group>"; };
		B3FC3D582030A6D700EB8B20 /* SWRevealViewController.m */ = {isa = PBXFileReference; fileEncoding = 4; lastKnownFileType = sourcecode.c.objc; path = SWRevealViewController.m; sourceTree = "<group>"; };
		E441FF4F28141978A1D0FB18 /* Pods_SupremeSaintApp.framework */ = {isa = PBXFileReference; explicitFileType = wrapper.framework; includeInIndex = 0; path = Pods_SupremeSaintApp.framework; sourceTree = BUILT_PRODUCTS_DIR; };
		F65298192020A255006FC603 /* ShowItemDetailsViewController.swift */ = {isa = PBXFileReference; lastKnownFileType = sourcecode.swift; path = ShowItemDetailsViewController.swift; sourceTree = "<group>"; };
		F666F56A201274520054D9C9 /* ItemTableCell.swift */ = {isa = PBXFileReference; lastKnownFileType = sourcecode.swift; path = ItemTableCell.swift; sourceTree = "<group>"; };
		F6E7A5DF20249D3300211E62 /* MyImageViewController.swift */ = {isa = PBXFileReference; lastKnownFileType = sourcecode.swift; path = MyImageViewController.swift; sourceTree = "<group>"; };
		F6E7A5E1202500E400211E62 /* UIView.swift */ = {isa = PBXFileReference; fileEncoding = 4; lastKnownFileType = sourcecode.swift; path = UIView.swift; sourceTree = "<group>"; };
/* End PBXFileReference section */

/* Begin PBXFrameworksBuildPhase section */
		8C1A5F8E2001262400BE0BD3 /* Frameworks */ = {
			isa = PBXFrameworksBuildPhase;
			buildActionMask = 2147483647;
			files = (
				AB6C7F8892AA28A9C29C099C /* Pods_SupremeSaintApp.framework in Frameworks */,
			);
			runOnlyForDeploymentPostprocessing = 0;
		};
		8C1A5FA22001262400BE0BD3 /* Frameworks */ = {
			isa = PBXFrameworksBuildPhase;
			buildActionMask = 2147483647;
			files = (
				697FCFF109A1629E4708638D /* Pods_SupremeSaintAppTests.framework in Frameworks */,
			);
			runOnlyForDeploymentPostprocessing = 0;
		};
		8C1A5FAD2001262400BE0BD3 /* Frameworks */ = {
			isa = PBXFrameworksBuildPhase;
			buildActionMask = 2147483647;
			files = (
				1A5C1538D88572F244D15D51 /* Pods_SupremeSaintAppUITests.framework in Frameworks */,
			);
			runOnlyForDeploymentPostprocessing = 0;
		};
/* End PBXFrameworksBuildPhase section */

/* Begin PBXGroup section */
		54904928201080C9006910AF /* Service */ = {
			isa = PBXGroup;
			children = (
				54904929201080ED006910AF /* RemoveFileService.swift */,
				5490492E20108FD9006910AF /* FirebaseService.swift */,
			);
			path = Service;
			sourceTree = "<group>";
		};
		5490492B201087BD006910AF /* Model */ = {
			isa = PBXGroup;
			children = (
				5490492C201087CA006910AF /* Feed.swift */,
				549049322010B13C006910AF /* Slide.swift */,
				54AB322C2011D2CF007E7218 /* HomeMessages.swift */,
			);
			path = Model;
			sourceTree = "<group>";
		};
		54DD160D200E3874007CE915 /* View */ = {
			isa = PBXGroup;
			children = (
				B3FC3D572030A6D600EB8B20 /* SWRevealViewController.h */,
				B3FC3D582030A6D700EB8B20 /* SWRevealViewController.m */,
				54DD160E200E3884007CE915 /* Compound */,
				54ADE9BE200F69B1005547FE /* FeedCollectionVCell.swift */,
				54ADE9BF200F69B1005547FE /* FeedCollectionVCell.xib */,
				B329BEEB20301B5E009CBFAA /* DesignableButton.swift */,
				B386F43A20302DD70063D78F /* DesignableField.swift */,
				B3FC3D562030A6D200EB8B20 /* SupremeSaintApp-Bridging-Header.h */,
			);
			path = View;
			sourceTree = "<group>";
		};
		54DD160E200E3884007CE915 /* Compound */ = {
			isa = PBXGroup;
			children = (
				54DD160F200E38A6007CE915 /* HomeBanner.swift */,
			);
			path = Compound;
			sourceTree = "<group>";
		};
		5F4B9E59E1E9E71E75661D6A /* Frameworks */ = {
			isa = PBXGroup;
			children = (
				E441FF4F28141978A1D0FB18 /* Pods_SupremeSaintApp.framework */,
				AAAF999E6D8B876F960F4C3F /* Pods_SupremeSaintAppTests.framework */,
				AEA01F5B6EB5E1F661E27297 /* Pods_SupremeSaintAppUITests.framework */,
			);
			name = Frameworks;
			sourceTree = "<group>";
		};
		8C1A5F882001262400BE0BD3 = {
			isa = PBXGroup;
			children = (
				8C1A5F932001262400BE0BD3 /* SupremeSaintApp */,
				8C1A5FA82001262400BE0BD3 /* SupremeSaintAppTests */,
				8C1A5FB32001262400BE0BD3 /* SupremeSaintAppUITests */,
				8C1A5F922001262400BE0BD3 /* Products */,
				F66028547BDA1091B43B8E90 /* Pods */,
				5F4B9E59E1E9E71E75661D6A /* Frameworks */,
			);
			sourceTree = "<group>";
		};
		8C1A5F922001262400BE0BD3 /* Products */ = {
			isa = PBXGroup;
			children = (
				8C1A5F912001262400BE0BD3 /* SupremeSaintApp.app */,
				8C1A5FA52001262400BE0BD3 /* SupremeSaintAppTests.xctest */,
				8C1A5FB02001262400BE0BD3 /* SupremeSaintAppUITests.xctest */,
			);
			name = Products;
			sourceTree = "<group>";
		};
		8C1A5F932001262400BE0BD3 /* SupremeSaintApp */ = {
			isa = PBXGroup;
			children = (
				5490493020109B3F006910AF /* GoogleService-Info.plist */,
				B3FC3D532030A01E00EB8B20 /* Protocols */,
				5490492B201087BD006910AF /* Model */,
				54904928201080C9006910AF /* Service */,
				54DD160D200E3874007CE915 /* View */,
				8C1A5F942001262400BE0BD3 /* AppDelegate.swift */,
				8C1A5F962001262400BE0BD3 /* TabBarViewController.swift */,
				8C35A67E200129C300BCE5B2 /* TwitterViewController.swift */,
				B219664C200BCD930096F607 /* Main.storyboard */,
				8C1A5F9B2001262400BE0BD3 /* Assets.xcassets */,
				8C1A5F9D2001262400BE0BD3 /* LaunchScreen.storyboard */,
				8C1A5FA02001262400BE0BD3 /* Info.plist */,
				8C1A5FC4200126C200BE0BD3 /* HomeVC.swift */,
				8C1A5FC5200126C200BE0BD3 /* NewsVC.swift */,
				8C1A5FC6200126C200BE0BD3 /* DroplistVC.swift */,
				F666F56A201274520054D9C9 /* ItemTableCell.swift */,
				54DD1631200E63EC007CE915 /* SlideImageController.swift */,
				54DD1633200E645C007CE915 /* SlidePageViewController.swift */,
				54147CA0200E684E00ED159C /* Extensions.swift */,
				549049342010B88E006910AF /* FeedGroupPageControllerContainerVC.swift */,
				549049362010BA1D006910AF /* FeedGroupPageController.swift */,
				549049382010BB51006910AF /* FeedViewController.swift */,
				54AB322A2011C2D9007E7218 /* RootNavigationController.swift */,
				F65298192020A255006FC603 /* ShowItemDetailsViewController.swift */,
				F6E7A5DF20249D3300211E62 /* MyImageViewController.swift */,
				F6E7A5E1202500E400211E62 /* UIView.swift */,
				B386F43C20302ED00063D78F /* AuthVC.swift */,
				B386F43E20302EDE0063D78F /* LoginVC.swift */,
				B386F44020302EEB0063D78F /* SignUpVC.swift */,
				B308F3D12031489700244325 /* LeftMenuVC.swift */,
				B3E9DC382031F27200D394B8 /* AccountVC.swift */,
				B3E9DC362031E53A00D394B8 /* WebVc.swift */,
				B3F7BDA220333A4700C7C462 /* WalkthroughImageController.swift */,
				B3F7BDA420333A5C00C7C462 /* WalkthroughImageContentViewController.swift */,
				B31A364120345CAA002D2506 /* ViewController.swift */,
			);
			path = SupremeSaintApp;
			sourceTree = "<group>";
		};
		8C1A5FA82001262400BE0BD3 /* SupremeSaintAppTests */ = {
			isa = PBXGroup;
			children = (
				8C1A5FA92001262400BE0BD3 /* SupremeSaintAppTests.swift */,
				8C1A5FAB2001262400BE0BD3 /* Info.plist */,
			);
			path = SupremeSaintAppTests;
			sourceTree = "<group>";
		};
		8C1A5FB32001262400BE0BD3 /* SupremeSaintAppUITests */ = {
			isa = PBXGroup;
			children = (
				8C1A5FB42001262400BE0BD3 /* SupremeSaintAppUITests.swift */,
				8C1A5FB62001262400BE0BD3 /* Info.plist */,
			);
			path = SupremeSaintAppUITests;
			sourceTree = "<group>";
		};
		B3FC3D532030A01E00EB8B20 /* Protocols */ = {
			isa = PBXGroup;
			children = (
				B3FC3D542030A01E00EB8B20 /* Alertable.swift */,
			);
			path = Protocols;
			sourceTree = "<group>";
		};
		F66028547BDA1091B43B8E90 /* Pods */ = {
			isa = PBXGroup;
			children = (
				202ADF962E20A2FDCE7B2BB7 /* Pods-SupremeSaintApp.debug.xcconfig */,
				A36DD52A4CCB9170970254A0 /* Pods-SupremeSaintApp.release.xcconfig */,
				65D091C287101635D173F2AB /* Pods-SupremeSaintAppTests.debug.xcconfig */,
				A907B838AF60C04ED8A012EF /* Pods-SupremeSaintAppTests.release.xcconfig */,
				76CDB1BAC40A6BFF52069FA5 /* Pods-SupremeSaintAppUITests.debug.xcconfig */,
				629427A6D11F74D86767ADFD /* Pods-SupremeSaintAppUITests.release.xcconfig */,
			);
			name = Pods;
			sourceTree = "<group>";
		};
/* End PBXGroup section */

/* Begin PBXNativeTarget section */
		8C1A5F902001262400BE0BD3 /* SupremeSaintApp */ = {
			isa = PBXNativeTarget;
			buildConfigurationList = 8C1A5FB92001262400BE0BD3 /* Build configuration list for PBXNativeTarget "SupremeSaintApp" */;
			buildPhases = (
				F491DCF77D3F993047A289C5 /* [CP] Check Pods Manifest.lock */,
				8C1A5F8D2001262400BE0BD3 /* Sources */,
				8C1A5F8E2001262400BE0BD3 /* Frameworks */,
				8C1A5F8F2001262400BE0BD3 /* Resources */,
				A79ECDC72361AAB1101BA142 /* [CP] Embed Pods Frameworks */,
				398BB6AC6707B6659AB02D3B /* [CP] Copy Pods Resources */,
			);
			buildRules = (
			);
			dependencies = (
			);
			name = SupremeSaintApp;
			productName = SupremeSaintApp;
			productReference = 8C1A5F912001262400BE0BD3 /* SupremeSaintApp.app */;
			productType = "com.apple.product-type.application";
		};
		8C1A5FA42001262400BE0BD3 /* SupremeSaintAppTests */ = {
			isa = PBXNativeTarget;
			buildConfigurationList = 8C1A5FBC2001262400BE0BD3 /* Build configuration list for PBXNativeTarget "SupremeSaintAppTests" */;
			buildPhases = (
				4D9231E81114A2BF789A6D7A /* [CP] Check Pods Manifest.lock */,
				8C1A5FA12001262400BE0BD3 /* Sources */,
				8C1A5FA22001262400BE0BD3 /* Frameworks */,
				8C1A5FA32001262400BE0BD3 /* Resources */,
				96046693FD4C60F2957ACA79 /* [CP] Embed Pods Frameworks */,
				D70C680275313F7E9D27E04F /* [CP] Copy Pods Resources */,
			);
			buildRules = (
			);
			dependencies = (
				8C1A5FA72001262400BE0BD3 /* PBXTargetDependency */,
			);
			name = SupremeSaintAppTests;
			productName = SupremeSaintAppTests;
			productReference = 8C1A5FA52001262400BE0BD3 /* SupremeSaintAppTests.xctest */;
			productType = "com.apple.product-type.bundle.unit-test";
		};
		8C1A5FAF2001262400BE0BD3 /* SupremeSaintAppUITests */ = {
			isa = PBXNativeTarget;
			buildConfigurationList = 8C1A5FBF2001262400BE0BD3 /* Build configuration list for PBXNativeTarget "SupremeSaintAppUITests" */;
			buildPhases = (
				A978EA45BB276753EE9ECCC2 /* [CP] Check Pods Manifest.lock */,
				8C1A5FAC2001262400BE0BD3 /* Sources */,
				8C1A5FAD2001262400BE0BD3 /* Frameworks */,
				8C1A5FAE2001262400BE0BD3 /* Resources */,
				3502C82E555B70C00FC15453 /* [CP] Embed Pods Frameworks */,
				ED8CA375FD571F51AF5093FE /* [CP] Copy Pods Resources */,
			);
			buildRules = (
			);
			dependencies = (
				8C1A5FB22001262400BE0BD3 /* PBXTargetDependency */,
			);
			name = SupremeSaintAppUITests;
			productName = SupremeSaintAppUITests;
			productReference = 8C1A5FB02001262400BE0BD3 /* SupremeSaintAppUITests.xctest */;
			productType = "com.apple.product-type.bundle.ui-testing";
		};
/* End PBXNativeTarget section */

/* Begin PBXProject section */
		8C1A5F892001262400BE0BD3 /* Project object */ = {
			isa = PBXProject;
			attributes = {
				LastSwiftUpdateCheck = 0920;
				LastUpgradeCheck = 0920;
				ORGANIZATIONNAME = Sladerade;
				TargetAttributes = {
					8C1A5F902001262400BE0BD3 = {
						CreatedOnToolsVersion = 9.2;
						LastSwiftMigration = 0920;
						ProvisioningStyle = Automatic;
					};
					8C1A5FA42001262400BE0BD3 = {
						CreatedOnToolsVersion = 9.2;
						ProvisioningStyle = Automatic;
						TestTargetID = 8C1A5F902001262400BE0BD3;
					};
					8C1A5FAF2001262400BE0BD3 = {
						CreatedOnToolsVersion = 9.2;
						ProvisioningStyle = Automatic;
						TestTargetID = 8C1A5F902001262400BE0BD3;
					};
				};
			};
			buildConfigurationList = 8C1A5F8C2001262400BE0BD3 /* Build configuration list for PBXProject "SupremeSaintApp" */;
			compatibilityVersion = "Xcode 8.0";
			developmentRegion = en;
			hasScannedForEncodings = 0;
			knownRegions = (
				en,
				Base,
			);
			mainGroup = 8C1A5F882001262400BE0BD3;
			productRefGroup = 8C1A5F922001262400BE0BD3 /* Products */;
			projectDirPath = "";
			projectRoot = "";
			targets = (
				8C1A5F902001262400BE0BD3 /* SupremeSaintApp */,
				8C1A5FA42001262400BE0BD3 /* SupremeSaintAppTests */,
				8C1A5FAF2001262400BE0BD3 /* SupremeSaintAppUITests */,
			);
		};
/* End PBXProject section */

/* Begin PBXResourcesBuildPhase section */
		8C1A5F8F2001262400BE0BD3 /* Resources */ = {
			isa = PBXResourcesBuildPhase;
			buildActionMask = 2147483647;
			files = (
				B219664D200BCD930096F607 /* Main.storyboard in Resources */,
				8C1A5F9F2001262400BE0BD3 /* LaunchScreen.storyboard in Resources */,
				5490493120109B3F006910AF /* GoogleService-Info.plist in Resources */,
				54ADE9C1200F69B1005547FE /* FeedCollectionVCell.xib in Resources */,
				8C1A5F9C2001262400BE0BD3 /* Assets.xcassets in Resources */,
			);
			runOnlyForDeploymentPostprocessing = 0;
		};
		8C1A5FA32001262400BE0BD3 /* Resources */ = {
			isa = PBXResourcesBuildPhase;
			buildActionMask = 2147483647;
			files = (
			);
			runOnlyForDeploymentPostprocessing = 0;
		};
		8C1A5FAE2001262400BE0BD3 /* Resources */ = {
			isa = PBXResourcesBuildPhase;
			buildActionMask = 2147483647;
			files = (
			);
			runOnlyForDeploymentPostprocessing = 0;
		};
/* End PBXResourcesBuildPhase section */

/* Begin PBXShellScriptBuildPhase section */
		3502C82E555B70C00FC15453 /* [CP] Embed Pods Frameworks */ = {
			isa = PBXShellScriptBuildPhase;
			buildActionMask = 2147483647;
			files = (
			);
			inputPaths = (
			);
			name = "[CP] Embed Pods Frameworks";
			outputPaths = (
			);
			runOnlyForDeploymentPostprocessing = 0;
			shellPath = /bin/sh;
			shellScript = "\"${SRCROOT}/Pods/Target Support Files/Pods-SupremeSaintAppUITests/Pods-SupremeSaintAppUITests-frameworks.sh\"\n";
			showEnvVarsInLog = 0;
		};
		398BB6AC6707B6659AB02D3B /* [CP] Copy Pods Resources */ = {
			isa = PBXShellScriptBuildPhase;
			buildActionMask = 2147483647;
			files = (
			);
			inputPaths = (
				"${SRCROOT}/Pods/Target Support Files/Pods-SupremeSaintApp/Pods-SupremeSaintApp-resources.sh",
				"${PODS_ROOT}/TwitterKit/iOS/TwitterKit.framework/TwitterKitResources.bundle",
				"${PODS_ROOT}/TwitterKit/iOS/TwitterKit.framework/TwitterShareExtensionUIResources.bundle",
			);
			name = "[CP] Copy Pods Resources";
			outputPaths = (
				"${TARGET_BUILD_DIR}/${UNLOCALIZED_RESOURCES_FOLDER_PATH}",
			);
			runOnlyForDeploymentPostprocessing = 0;
			shellPath = /bin/sh;
			shellScript = "\"${SRCROOT}/Pods/Target Support Files/Pods-SupremeSaintApp/Pods-SupremeSaintApp-resources.sh\"\n";
			showEnvVarsInLog = 0;
		};
		4D9231E81114A2BF789A6D7A /* [CP] Check Pods Manifest.lock */ = {
			isa = PBXShellScriptBuildPhase;
			buildActionMask = 2147483647;
			files = (
			);
			inputPaths = (
				"${PODS_PODFILE_DIR_PATH}/Podfile.lock",
				"${PODS_ROOT}/Manifest.lock",
			);
			name = "[CP] Check Pods Manifest.lock";
			outputPaths = (
				"$(DERIVED_FILE_DIR)/Pods-SupremeSaintAppTests-checkManifestLockResult.txt",
			);
			runOnlyForDeploymentPostprocessing = 0;
			shellPath = /bin/sh;
			shellScript = "diff \"${PODS_PODFILE_DIR_PATH}/Podfile.lock\" \"${PODS_ROOT}/Manifest.lock\" > /dev/null\nif [ $? != 0 ] ; then\n    # print error to STDERR\n    echo \"error: The sandbox is not in sync with the Podfile.lock. Run 'pod install' or update your CocoaPods installation.\" >&2\n    exit 1\nfi\n# This output is used by Xcode 'outputs' to avoid re-running this script phase.\necho \"SUCCESS\" > \"${SCRIPT_OUTPUT_FILE_0}\"\n";
			showEnvVarsInLog = 0;
		};
		96046693FD4C60F2957ACA79 /* [CP] Embed Pods Frameworks */ = {
			isa = PBXShellScriptBuildPhase;
			buildActionMask = 2147483647;
			files = (
			);
			inputPaths = (
			);
			name = "[CP] Embed Pods Frameworks";
			outputPaths = (
			);
			runOnlyForDeploymentPostprocessing = 0;
			shellPath = /bin/sh;
			shellScript = "\"${SRCROOT}/Pods/Target Support Files/Pods-SupremeSaintAppTests/Pods-SupremeSaintAppTests-frameworks.sh\"\n";
			showEnvVarsInLog = 0;
		};
		A79ECDC72361AAB1101BA142 /* [CP] Embed Pods Frameworks */ = {
			isa = PBXShellScriptBuildPhase;
			buildActionMask = 2147483647;
			files = (
			);
			inputPaths = (
				"${SRCROOT}/Pods/Target Support Files/Pods-SupremeSaintApp/Pods-SupremeSaintApp-frameworks.sh",
				"${BUILT_PRODUCTS_DIR}/GTMSessionFetcher/GTMSessionFetcher.framework",
				"${BUILT_PRODUCTS_DIR}/GoogleToolboxForMac/GoogleToolboxForMac.framework",
				"${BUILT_PRODUCTS_DIR}/IQKeyboardManager/IQKeyboardManager.framework",
				"${BUILT_PRODUCTS_DIR}/Kingfisher/Kingfisher.framework",
				"${BUILT_PRODUCTS_DIR}/ProgressHUD/ProgressHUD.framework",
				"${BUILT_PRODUCTS_DIR}/RevealingSplashView/RevealingSplashView.framework",
				"${BUILT_PRODUCTS_DIR}/SwiftyJSON/SwiftyJSON.framework",
				"${BUILT_PRODUCTS_DIR}/Toaster/Toaster.framework",
				"${PODS_ROOT}/TwitterCore/iOS/TwitterCore.framework",
				"${PODS_ROOT}/TwitterKit/iOS/TwitterKit.framework",
				"${BUILT_PRODUCTS_DIR}/UILoadControl/UILoadControl.framework",
				"${BUILT_PRODUCTS_DIR}/leveldb-library/leveldb.framework",
				"${BUILT_PRODUCTS_DIR}/nanopb/nanopb.framework",
			);
			name = "[CP] Embed Pods Frameworks";
			outputPaths = (
				"${TARGET_BUILD_DIR}/${FRAMEWORKS_FOLDER_PATH}/GTMSessionFetcher.framework",
				"${TARGET_BUILD_DIR}/${FRAMEWORKS_FOLDER_PATH}/GoogleToolboxForMac.framework",
				"${TARGET_BUILD_DIR}/${FRAMEWORKS_FOLDER_PATH}/IQKeyboardManager.framework",
				"${TARGET_BUILD_DIR}/${FRAMEWORKS_FOLDER_PATH}/Kingfisher.framework",
				"${TARGET_BUILD_DIR}/${FRAMEWORKS_FOLDER_PATH}/ProgressHUD.framework",
				"${TARGET_BUILD_DIR}/${FRAMEWORKS_FOLDER_PATH}/RevealingSplashView.framework",
				"${TARGET_BUILD_DIR}/${FRAMEWORKS_FOLDER_PATH}/SwiftyJSON.framework",
				"${TARGET_BUILD_DIR}/${FRAMEWORKS_FOLDER_PATH}/Toaster.framework",
				"${TARGET_BUILD_DIR}/${FRAMEWORKS_FOLDER_PATH}/TwitterCore.framework",
				"${TARGET_BUILD_DIR}/${FRAMEWORKS_FOLDER_PATH}/TwitterKit.framework",
				"${TARGET_BUILD_DIR}/${FRAMEWORKS_FOLDER_PATH}/UILoadControl.framework",
				"${TARGET_BUILD_DIR}/${FRAMEWORKS_FOLDER_PATH}/leveldb.framework",
				"${TARGET_BUILD_DIR}/${FRAMEWORKS_FOLDER_PATH}/nanopb.framework",
			);
			runOnlyForDeploymentPostprocessing = 0;
			shellPath = /bin/sh;
			shellScript = "\"${SRCROOT}/Pods/Target Support Files/Pods-SupremeSaintApp/Pods-SupremeSaintApp-frameworks.sh\"\n";
			showEnvVarsInLog = 0;
		};
		A978EA45BB276753EE9ECCC2 /* [CP] Check Pods Manifest.lock */ = {
			isa = PBXShellScriptBuildPhase;
			buildActionMask = 2147483647;
			files = (
			);
			inputPaths = (
				"${PODS_PODFILE_DIR_PATH}/Podfile.lock",
				"${PODS_ROOT}/Manifest.lock",
			);
			name = "[CP] Check Pods Manifest.lock";
			outputPaths = (
				"$(DERIVED_FILE_DIR)/Pods-SupremeSaintAppUITests-checkManifestLockResult.txt",
			);
			runOnlyForDeploymentPostprocessing = 0;
			shellPath = /bin/sh;
			shellScript = "diff \"${PODS_PODFILE_DIR_PATH}/Podfile.lock\" \"${PODS_ROOT}/Manifest.lock\" > /dev/null\nif [ $? != 0 ] ; then\n    # print error to STDERR\n    echo \"error: The sandbox is not in sync with the Podfile.lock. Run 'pod install' or update your CocoaPods installation.\" >&2\n    exit 1\nfi\n# This output is used by Xcode 'outputs' to avoid re-running this script phase.\necho \"SUCCESS\" > \"${SCRIPT_OUTPUT_FILE_0}\"\n";
			showEnvVarsInLog = 0;
		};
		D70C680275313F7E9D27E04F /* [CP] Copy Pods Resources */ = {
			isa = PBXShellScriptBuildPhase;
			buildActionMask = 2147483647;
			files = (
			);
			inputPaths = (
			);
			name = "[CP] Copy Pods Resources";
			outputPaths = (
			);
			runOnlyForDeploymentPostprocessing = 0;
			shellPath = /bin/sh;
			shellScript = "\"${SRCROOT}/Pods/Target Support Files/Pods-SupremeSaintAppTests/Pods-SupremeSaintAppTests-resources.sh\"\n";
			showEnvVarsInLog = 0;
		};
		ED8CA375FD571F51AF5093FE /* [CP] Copy Pods Resources */ = {
			isa = PBXShellScriptBuildPhase;
			buildActionMask = 2147483647;
			files = (
			);
			inputPaths = (
			);
			name = "[CP] Copy Pods Resources";
			outputPaths = (
			);
			runOnlyForDeploymentPostprocessing = 0;
			shellPath = /bin/sh;
			shellScript = "\"${SRCROOT}/Pods/Target Support Files/Pods-SupremeSaintAppUITests/Pods-SupremeSaintAppUITests-resources.sh\"\n";
			showEnvVarsInLog = 0;
		};
		F491DCF77D3F993047A289C5 /* [CP] Check Pods Manifest.lock */ = {
			isa = PBXShellScriptBuildPhase;
			buildActionMask = 2147483647;
			files = (
			);
			inputPaths = (
				"${PODS_PODFILE_DIR_PATH}/Podfile.lock",
				"${PODS_ROOT}/Manifest.lock",
			);
			name = "[CP] Check Pods Manifest.lock";
			outputPaths = (
				"$(DERIVED_FILE_DIR)/Pods-SupremeSaintApp-checkManifestLockResult.txt",
			);
			runOnlyForDeploymentPostprocessing = 0;
			shellPath = /bin/sh;
			shellScript = "diff \"${PODS_PODFILE_DIR_PATH}/Podfile.lock\" \"${PODS_ROOT}/Manifest.lock\" > /dev/null\nif [ $? != 0 ] ; then\n    # print error to STDERR\n    echo \"error: The sandbox is not in sync with the Podfile.lock. Run 'pod install' or update your CocoaPods installation.\" >&2\n    exit 1\nfi\n# This output is used by Xcode 'outputs' to avoid re-running this script phase.\necho \"SUCCESS\" > \"${SCRIPT_OUTPUT_FILE_0}\"\n";
			showEnvVarsInLog = 0;
		};
/* End PBXShellScriptBuildPhase section */

/* Begin PBXSourcesBuildPhase section */
		8C1A5F8D2001262400BE0BD3 /* Sources */ = {
			isa = PBXSourcesBuildPhase;
			buildActionMask = 2147483647;
			files = (
				54ADE9C0200F69B1005547FE /* FeedCollectionVCell.swift in Sources */,
				549049352010B88E006910AF /* FeedGroupPageControllerContainerVC.swift in Sources */,
				B386F43F20302EDE0063D78F /* LoginVC.swift in Sources */,
				B386F43B20302DD70063D78F /* DesignableField.swift in Sources */,
				B308F3D22031489700244325 /* LeftMenuVC.swift in Sources */,
				54AB322D2011D2CF007E7218 /* HomeMessages.swift in Sources */,
				5490492D201087CA006910AF /* Feed.swift in Sources */,
				5490492A201080ED006910AF /* RemoveFileService.swift in Sources */,
				F652981A2020A255006FC603 /* ShowItemDetailsViewController.swift in Sources */,
				B3F7BDA320333A4700C7C462 /* WalkthroughImageController.swift in Sources */,
				8C35A67F200129C300BCE5B2 /* TwitterViewController.swift in Sources */,
				B3F7BDA520333A5C00C7C462 /* WalkthroughImageContentViewController.swift in Sources */,
				5490492F20108FD9006910AF /* FirebaseService.swift in Sources */,
				8C1A5FC9200126C200BE0BD3 /* DroplistVC.swift in Sources */,
				F6E7A5E020249D3300211E62 /* MyImageViewController.swift in Sources */,
				8C1A5FC7200126C200BE0BD3 /* HomeVC.swift in Sources */,
				549049372010BA1D006910AF /* FeedGroupPageController.swift in Sources */,
				8C1A5FC8200126C200BE0BD3 /* NewsVC.swift in Sources */,
				B31A364220345CAA002D2506 /* ViewController.swift in Sources */,
				B329BEEC20301B5E009CBFAA /* DesignableButton.swift in Sources */,
				549049392010BB51006910AF /* FeedViewController.swift in Sources */,
				54DD1634200E645C007CE915 /* SlidePageViewController.swift in Sources */,
				549049332010B13C006910AF /* Slide.swift in Sources */,
				B386F43D20302ED00063D78F /* AuthVC.swift in Sources */,
				F6E7A5E2202500E400211E62 /* UIView.swift in Sources */,
				B386F44120302EEB0063D78F /* SignUpVC.swift in Sources */,
				54147CA1200E684E00ED159C /* Extensions.swift in Sources */,
				54DD1610200E38A6007CE915 /* HomeBanner.swift in Sources */,
				B3FC3D592030A6D800EB8B20 /* SWRevealViewController.m in Sources */,
				B3E9DC372031E53A00D394B8 /* WebVc.swift in Sources */,
				B3FC3D552030A01F00EB8B20 /* Alertable.swift in Sources */,
				54DD1632200E63EC007CE915 /* SlideImageController.swift in Sources */,
				8C1A5F972001262400BE0BD3 /* TabBarViewController.swift in Sources */,
				54AB322B2011C2DA007E7218 /* RootNavigationController.swift in Sources */,
				F666F56B201274520054D9C9 /* ItemTableCell.swift in Sources */,
				B3E9DC392031F27200D394B8 /* AccountVC.swift in Sources */,
				8C1A5F952001262400BE0BD3 /* AppDelegate.swift in Sources */,
			);
			runOnlyForDeploymentPostprocessing = 0;
		};
		8C1A5FA12001262400BE0BD3 /* Sources */ = {
			isa = PBXSourcesBuildPhase;
			buildActionMask = 2147483647;
			files = (
				8C1A5FAA2001262400BE0BD3 /* SupremeSaintAppTests.swift in Sources */,
			);
			runOnlyForDeploymentPostprocessing = 0;
		};
		8C1A5FAC2001262400BE0BD3 /* Sources */ = {
			isa = PBXSourcesBuildPhase;
			buildActionMask = 2147483647;
			files = (
				8C1A5FB52001262400BE0BD3 /* SupremeSaintAppUITests.swift in Sources */,
			);
			runOnlyForDeploymentPostprocessing = 0;
		};
/* End PBXSourcesBuildPhase section */

/* Begin PBXTargetDependency section */
		8C1A5FA72001262400BE0BD3 /* PBXTargetDependency */ = {
			isa = PBXTargetDependency;
			target = 8C1A5F902001262400BE0BD3 /* SupremeSaintApp */;
			targetProxy = 8C1A5FA62001262400BE0BD3 /* PBXContainerItemProxy */;
		};
		8C1A5FB22001262400BE0BD3 /* PBXTargetDependency */ = {
			isa = PBXTargetDependency;
			target = 8C1A5F902001262400BE0BD3 /* SupremeSaintApp */;
			targetProxy = 8C1A5FB12001262400BE0BD3 /* PBXContainerItemProxy */;
		};
/* End PBXTargetDependency section */

/* Begin PBXVariantGroup section */
		8C1A5F9D2001262400BE0BD3 /* LaunchScreen.storyboard */ = {
			isa = PBXVariantGroup;
			children = (
				8C1A5F9E2001262400BE0BD3 /* Base */,
			);
			name = LaunchScreen.storyboard;
			sourceTree = "<group>";
		};
/* End PBXVariantGroup section */

/* Begin XCBuildConfiguration section */
		8C1A5FB72001262400BE0BD3 /* Debug */ = {
			isa = XCBuildConfiguration;
			buildSettings = {
				ALWAYS_SEARCH_USER_PATHS = NO;
				CLANG_ANALYZER_NONNULL = YES;
				CLANG_ANALYZER_NUMBER_OBJECT_CONVERSION = YES_AGGRESSIVE;
				CLANG_CXX_LANGUAGE_STANDARD = "gnu++14";
				CLANG_CXX_LIBRARY = "libc++";
				CLANG_ENABLE_MODULES = YES;
				CLANG_ENABLE_OBJC_ARC = YES;
				CLANG_WARN_BLOCK_CAPTURE_AUTORELEASING = YES;
				CLANG_WARN_BOOL_CONVERSION = YES;
				CLANG_WARN_COMMA = YES;
				CLANG_WARN_CONSTANT_CONVERSION = YES;
				CLANG_WARN_DIRECT_OBJC_ISA_USAGE = YES_ERROR;
				CLANG_WARN_DOCUMENTATION_COMMENTS = YES;
				CLANG_WARN_EMPTY_BODY = YES;
				CLANG_WARN_ENUM_CONVERSION = YES;
				CLANG_WARN_INFINITE_RECURSION = YES;
				CLANG_WARN_INT_CONVERSION = YES;
				CLANG_WARN_NON_LITERAL_NULL_CONVERSION = YES;
				CLANG_WARN_OBJC_LITERAL_CONVERSION = YES;
				CLANG_WARN_OBJC_ROOT_CLASS = YES_ERROR;
				CLANG_WARN_RANGE_LOOP_ANALYSIS = YES;
				CLANG_WARN_STRICT_PROTOTYPES = YES;
				CLANG_WARN_SUSPICIOUS_MOVE = YES;
				CLANG_WARN_UNGUARDED_AVAILABILITY = YES_AGGRESSIVE;
				CLANG_WARN_UNREACHABLE_CODE = YES;
				CLANG_WARN__DUPLICATE_METHOD_MATCH = YES;
				CODE_SIGN_IDENTITY = "iPhone Developer";
				COPY_PHASE_STRIP = NO;
				DEBUG_INFORMATION_FORMAT = dwarf;
				ENABLE_STRICT_OBJC_MSGSEND = YES;
				ENABLE_TESTABILITY = YES;
				GCC_C_LANGUAGE_STANDARD = gnu11;
				GCC_DYNAMIC_NO_PIC = NO;
				GCC_NO_COMMON_BLOCKS = YES;
				GCC_OPTIMIZATION_LEVEL = 0;
				GCC_PREPROCESSOR_DEFINITIONS = (
					"DEBUG=1",
					"$(inherited)",
				);
				GCC_WARN_64_TO_32_BIT_CONVERSION = YES;
				GCC_WARN_ABOUT_RETURN_TYPE = YES_ERROR;
				GCC_WARN_UNDECLARED_SELECTOR = YES;
				GCC_WARN_UNINITIALIZED_AUTOS = YES_AGGRESSIVE;
				GCC_WARN_UNUSED_FUNCTION = YES;
				GCC_WARN_UNUSED_VARIABLE = YES;
				IPHONEOS_DEPLOYMENT_TARGET = 11.2;
				MTL_ENABLE_DEBUG_INFO = YES;
				ONLY_ACTIVE_ARCH = YES;
				SDKROOT = iphoneos;
				SWIFT_ACTIVE_COMPILATION_CONDITIONS = DEBUG;
				SWIFT_OPTIMIZATION_LEVEL = "-Onone";
				SWIFT_VERSION = "";
			};
			name = Debug;
		};
		8C1A5FB82001262400BE0BD3 /* Release */ = {
			isa = XCBuildConfiguration;
			buildSettings = {
				ALWAYS_SEARCH_USER_PATHS = NO;
				CLANG_ANALYZER_NONNULL = YES;
				CLANG_ANALYZER_NUMBER_OBJECT_CONVERSION = YES_AGGRESSIVE;
				CLANG_CXX_LANGUAGE_STANDARD = "gnu++14";
				CLANG_CXX_LIBRARY = "libc++";
				CLANG_ENABLE_MODULES = YES;
				CLANG_ENABLE_OBJC_ARC = YES;
				CLANG_WARN_BLOCK_CAPTURE_AUTORELEASING = YES;
				CLANG_WARN_BOOL_CONVERSION = YES;
				CLANG_WARN_COMMA = YES;
				CLANG_WARN_CONSTANT_CONVERSION = YES;
				CLANG_WARN_DIRECT_OBJC_ISA_USAGE = YES_ERROR;
				CLANG_WARN_DOCUMENTATION_COMMENTS = YES;
				CLANG_WARN_EMPTY_BODY = YES;
				CLANG_WARN_ENUM_CONVERSION = YES;
				CLANG_WARN_INFINITE_RECURSION = YES;
				CLANG_WARN_INT_CONVERSION = YES;
				CLANG_WARN_NON_LITERAL_NULL_CONVERSION = YES;
				CLANG_WARN_OBJC_LITERAL_CONVERSION = YES;
				CLANG_WARN_OBJC_ROOT_CLASS = YES_ERROR;
				CLANG_WARN_RANGE_LOOP_ANALYSIS = YES;
				CLANG_WARN_STRICT_PROTOTYPES = YES;
				CLANG_WARN_SUSPICIOUS_MOVE = YES;
				CLANG_WARN_UNGUARDED_AVAILABILITY = YES_AGGRESSIVE;
				CLANG_WARN_UNREACHABLE_CODE = YES;
				CLANG_WARN__DUPLICATE_METHOD_MATCH = YES;
				CODE_SIGN_IDENTITY = "iPhone Developer";
				COPY_PHASE_STRIP = NO;
				DEBUG_INFORMATION_FORMAT = "dwarf-with-dsym";
				ENABLE_NS_ASSERTIONS = NO;
				ENABLE_STRICT_OBJC_MSGSEND = YES;
				GCC_C_LANGUAGE_STANDARD = gnu11;
				GCC_NO_COMMON_BLOCKS = YES;
				GCC_WARN_64_TO_32_BIT_CONVERSION = YES;
				GCC_WARN_ABOUT_RETURN_TYPE = YES_ERROR;
				GCC_WARN_UNDECLARED_SELECTOR = YES;
				GCC_WARN_UNINITIALIZED_AUTOS = YES_AGGRESSIVE;
				GCC_WARN_UNUSED_FUNCTION = YES;
				GCC_WARN_UNUSED_VARIABLE = YES;
				IPHONEOS_DEPLOYMENT_TARGET = 11.2;
				MTL_ENABLE_DEBUG_INFO = NO;
				SDKROOT = iphoneos;
				SWIFT_OPTIMIZATION_LEVEL = "-Owholemodule";
				SWIFT_VERSION = "";
				VALIDATE_PRODUCT = YES;
			};
			name = Release;
		};
		8C1A5FBA2001262400BE0BD3 /* Debug */ = {
			isa = XCBuildConfiguration;
			baseConfigurationReference = 202ADF962E20A2FDCE7B2BB7 /* Pods-SupremeSaintApp.debug.xcconfig */;
			buildSettings = {
				ASSETCATALOG_COMPILER_APPICON_NAME = AppIcon;
				CLANG_ENABLE_MODULES = YES;
				"CODE_SIGN_IDENTITY[sdk=iphoneos*]" = "iPhone Developer";
				CODE_SIGN_STYLE = Automatic;
				DEVELOPMENT_TEAM = G57B93B2EN;
				INFOPLIST_FILE = SupremeSaintApp/Info.plist;
				IPHONEOS_DEPLOYMENT_TARGET = 10.3;
				LD_RUNPATH_SEARCH_PATHS = "$(inherited) @executable_path/Frameworks";
				PRODUCT_BUNDLE_IDENTIFIER = com.sladerade.supsaintapp;
				PRODUCT_NAME = "$(TARGET_NAME)";
				PROVISIONING_PROFILE_SPECIFIER = "";
				SWIFT_OBJC_BRIDGING_HEADER = "SupremeSaintApp/View/SupremeSaintApp-Bridging-Header.h";
				SWIFT_OPTIMIZATION_LEVEL = "-Onone";
				SWIFT_VERSION = 4.0;
				TARGETED_DEVICE_FAMILY = "1,2";
			};
			name = Debug;
		};
		8C1A5FBB2001262400BE0BD3 /* Release */ = {
			isa = XCBuildConfiguration;
			baseConfigurationReference = A36DD52A4CCB9170970254A0 /* Pods-SupremeSaintApp.release.xcconfig */;
			buildSettings = {
				ASSETCATALOG_COMPILER_APPICON_NAME = AppIcon;
				CLANG_ENABLE_MODULES = YES;
				"CODE_SIGN_IDENTITY[sdk=iphoneos*]" = "iPhone Developer";
				CODE_SIGN_STYLE = Automatic;
				DEVELOPMENT_TEAM = G57B93B2EN;
				INFOPLIST_FILE = SupremeSaintApp/Info.plist;
				IPHONEOS_DEPLOYMENT_TARGET = 10.3;
				LD_RUNPATH_SEARCH_PATHS = "$(inherited) @executable_path/Frameworks";
				PRODUCT_BUNDLE_IDENTIFIER = com.sladerade.supsaintapp;
				PRODUCT_NAME = "$(TARGET_NAME)";
				PROVISIONING_PROFILE_SPECIFIER = "";
				SWIFT_OBJC_BRIDGING_HEADER = "SupremeSaintApp/View/SupremeSaintApp-Bridging-Header.h";
				SWIFT_VERSION = 4.0;
				TARGETED_DEVICE_FAMILY = "1,2";
			};
			name = Release;
		};
		8C1A5FBD2001262400BE0BD3 /* Debug */ = {
			isa = XCBuildConfiguration;
			baseConfigurationReference = 65D091C287101635D173F2AB /* Pods-SupremeSaintAppTests.debug.xcconfig */;
			buildSettings = {
				ALWAYS_EMBED_SWIFT_STANDARD_LIBRARIES = YES;
				BUNDLE_LOADER = "$(TEST_HOST)";
				CODE_SIGN_STYLE = Automatic;
				DEVELOPMENT_TEAM = "";
				INFOPLIST_FILE = SupremeSaintAppTests/Info.plist;
				LD_RUNPATH_SEARCH_PATHS = "$(inherited) @executable_path/Frameworks @loader_path/Frameworks";
				PRODUCT_BUNDLE_IDENTIFIER = com.sladerade.SupremeSaintAppTests;
				PRODUCT_NAME = "$(TARGET_NAME)";
				SWIFT_VERSION = 4.0;
				TARGETED_DEVICE_FAMILY = "1,2";
				TEST_HOST = "$(BUILT_PRODUCTS_DIR)/SupremeSaintApp.app/SupremeSaintApp";
			};
			name = Debug;
		};
		8C1A5FBE2001262400BE0BD3 /* Release */ = {
			isa = XCBuildConfiguration;
			baseConfigurationReference = A907B838AF60C04ED8A012EF /* Pods-SupremeSaintAppTests.release.xcconfig */;
			buildSettings = {
				ALWAYS_EMBED_SWIFT_STANDARD_LIBRARIES = YES;
				BUNDLE_LOADER = "$(TEST_HOST)";
				CODE_SIGN_STYLE = Automatic;
				DEVELOPMENT_TEAM = "";
				INFOPLIST_FILE = SupremeSaintAppTests/Info.plist;
				LD_RUNPATH_SEARCH_PATHS = "$(inherited) @executable_path/Frameworks @loader_path/Frameworks";
				PRODUCT_BUNDLE_IDENTIFIER = com.sladerade.SupremeSaintAppTests;
				PRODUCT_NAME = "$(TARGET_NAME)";
				SWIFT_VERSION = 4.0;
				TARGETED_DEVICE_FAMILY = "1,2";
				TEST_HOST = "$(BUILT_PRODUCTS_DIR)/SupremeSaintApp.app/SupremeSaintApp";
			};
			name = Release;
		};
		8C1A5FC02001262400BE0BD3 /* Debug */ = {
			isa = XCBuildConfiguration;
			baseConfigurationReference = 76CDB1BAC40A6BFF52069FA5 /* Pods-SupremeSaintAppUITests.debug.xcconfig */;
			buildSettings = {
				ALWAYS_EMBED_SWIFT_STANDARD_LIBRARIES = YES;
				CODE_SIGN_STYLE = Automatic;
				DEVELOPMENT_TEAM = "";
				INFOPLIST_FILE = SupremeSaintAppUITests/Info.plist;
				LD_RUNPATH_SEARCH_PATHS = "$(inherited) @executable_path/Frameworks @loader_path/Frameworks";
				PRODUCT_BUNDLE_IDENTIFIER = com.sladerade.SupremeSaintAppUITests;
				PRODUCT_NAME = "$(TARGET_NAME)";
				SWIFT_VERSION = 4.0;
				TARGETED_DEVICE_FAMILY = "1,2";
				TEST_TARGET_NAME = SupremeSaintApp;
			};
			name = Debug;
		};
		8C1A5FC12001262400BE0BD3 /* Release */ = {
			isa = XCBuildConfiguration;
			baseConfigurationReference = 629427A6D11F74D86767ADFD /* Pods-SupremeSaintAppUITests.release.xcconfig */;
			buildSettings = {
				ALWAYS_EMBED_SWIFT_STANDARD_LIBRARIES = YES;
				CODE_SIGN_STYLE = Automatic;
				DEVELOPMENT_TEAM = "";
				INFOPLIST_FILE = SupremeSaintAppUITests/Info.plist;
				LD_RUNPATH_SEARCH_PATHS = "$(inherited) @executable_path/Frameworks @loader_path/Frameworks";
				PRODUCT_BUNDLE_IDENTIFIER = com.sladerade.SupremeSaintAppUITests;
				PRODUCT_NAME = "$(TARGET_NAME)";
				SWIFT_VERSION = 4.0;
				TARGETED_DEVICE_FAMILY = "1,2";
				TEST_TARGET_NAME = SupremeSaintApp;
			};
			name = Release;
		};
/* End XCBuildConfiguration section */

/* Begin XCConfigurationList section */
		8C1A5F8C2001262400BE0BD3 /* Build configuration list for PBXProject "SupremeSaintApp" */ = {
			isa = XCConfigurationList;
			buildConfigurations = (
				8C1A5FB72001262400BE0BD3 /* Debug */,
				8C1A5FB82001262400BE0BD3 /* Release */,
			);
			defaultConfigurationIsVisible = 0;
			defaultConfigurationName = Release;
		};
		8C1A5FB92001262400BE0BD3 /* Build configuration list for PBXNativeTarget "SupremeSaintApp" */ = {
			isa = XCConfigurationList;
			buildConfigurations = (
				8C1A5FBA2001262400BE0BD3 /* Debug */,
				8C1A5FBB2001262400BE0BD3 /* Release */,
			);
			defaultConfigurationIsVisible = 0;
			defaultConfigurationName = Release;
		};
		8C1A5FBC2001262400BE0BD3 /* Build configuration list for PBXNativeTarget "SupremeSaintAppTests" */ = {
			isa = XCConfigurationList;
			buildConfigurations = (
				8C1A5FBD2001262400BE0BD3 /* Debug */,
				8C1A5FBE2001262400BE0BD3 /* Release */,
			);
			defaultConfigurationIsVisible = 0;
			defaultConfigurationName = Release;
		};
		8C1A5FBF2001262400BE0BD3 /* Build configuration list for PBXNativeTarget "SupremeSaintAppUITests" */ = {
			isa = XCConfigurationList;
			buildConfigurations = (
				8C1A5FC02001262400BE0BD3 /* Debug */,
				8C1A5FC12001262400BE0BD3 /* Release */,
			);
			defaultConfigurationIsVisible = 0;
			defaultConfigurationName = Release;
		};
/* End XCConfigurationList section */
	};
	rootObject = 8C1A5F892001262400BE0BD3 /* Project object */;
}
